{
  "name": "ejercicio10",
  "version": "1.0.0",
  "lockfileVersion": 2,
  "requires": true,
  "packages": {
    "": {
      "name": "ejercicio10",
      "version": "1.0.0",
      "license": "ISC",
      "dependencies": {
        "chalk": "^5.2.0",
        "clark": "^0.0.6"
      }
    },
    "node_modules/chalk": {
      "version": "5.2.0",
      "resolved": "https://registry.npmjs.org/chalk/-/chalk-5.2.0.tgz",
      "integrity": "sha512-ree3Gqw/nazQAPuJJEy+avdl7QfZMcUvmHIKgEZkGL+xOBzRvup5Hxo6LHuMceSxOabuJLJm5Yp/92R9eMmMvA==",
      "engines": {
        "node": "^12.17.0 || ^14.13 || >=16.0.0"
      },
      "funding": {
        "url": "https://github.com/chalk/chalk?sponsor=1"
      }
    },
    "node_modules/clark": {
      "version": "0.0.6",
      "resolved": "https://registry.npmjs.org/clark/-/clark-0.0.6.tgz",
      "integrity": "sha512-aa1dRcyZ2pmUvfjLr5oXkAgZjxcBHS4+R/rv04uSpGdHWgIHpcFmJEQt7QcbFyv5WoBSqExu7rgNQtI7tSFPUg==",
      "bin": {
        "clark": "bin/clark.js"
      },
      "engines": {
        "node": ">=0.2.0"
      }
    }
  },
  "dependencies": {
    "chalk": {
      "version": "5.2.0",
      "resolved": "https://registry.npmjs.org/chalk/-/chalk-5.2.0.tgz",
      "integrity": "sha512-ree3Gqw/nazQAPuJJEy+avdl7QfZMcUvmHIKgEZkGL+xOBzRvup5Hxo6LHuMceSxOabuJLJm5Yp/92R9eMmMvA=="
    },
    "clark": {
      "version": "0.0.6",
      "resolved": "https://registry.npmjs.org/clark/-/clark-0.0.6.tgz",
      "integrity": "sha512-aa1dRcyZ2pmUvfjLr5oXkAgZjxcBHS4+R/rv04uSpGdHWgIHpcFmJEQt7QcbFyv5WoBSqExu7rgNQtI7tSFPUg=="
    }
  }
}
